
Microsoft Visual Studio Solution File, Format Version 12.00
# Visual Studio Version 17
VisualStudioVersion = 17.12.35323.107
MinimumVisualStudioVersion = 10.0.40219.1
Project("{FAE04EC0-301F-11D3-BF4B-00C04F79EFBC}") = "MonitorPreview", "MonitorPreview\MonitorPreview.csproj", "{2620C8E6-CEFC-4E74-A5E0-0C509E9F7F03}"
EndProject
Global
	GlobalSection(SolutionConfigurationPlatforms) = preSolution
		Debug|Any CPU = Debug|Any CPU
		Release|Any CPU = Release|Any CPU
	EndGlobalSection
	GlobalSection(ProjectConfigurationPlatforms) = postSolution
		{2620C8E6-CEFC-4E74-A5E0-0C509E9F7F03}.Debug|Any CPU.ActiveCfg = Debug|Any CPU
		{2620C8E6-CEFC-4E74-A5E0-0C509E9F7F03}.Debug|Any CPU.Build.0 = Debug|Any CPU
		{2620C8E6-CEFC-4E74-A5E0-0C509E9F7F03}.Release|Any CPU.ActiveCfg = Release|Any CPU
		{2620C8E6-CEFC-4E74-A5E0-0C509E9F7F03}.Release|Any CPU.Build.0 = Release|Any CPU
	EndGlobalSection
	GlobalSection(SolutionProperties) = preSolution
		HideSolutionNode = FALSE
	EndGlobalSection
	GlobalSection(ExtensibilityGlobals) = postSolution
		SolutionGuid = {C7BEB00A-3D00-4206-BEF1-DEA075F3A94B}
	EndGlobalSection
EndGlobal
